
Microsoft Visual Studio Solution File, Format Version 12.00
# Visual Studio Version 16
VisualStudioVersion = 16.0.31613.86
MinimumVisualStudioVersion = 10.0.40219.1
Project("{FAE04EC0-301F-11D3-BF4B-00C04F79EFBC}") = "Rektec.Tools.UpdateUserRole", "Rektec.Tools.UpdateUserRole.csproj", "{CB7E9C05-653C-43DD-BD2A-A75E56294866}"
EndProject
Global
	GlobalSection(SolutionConfigurationPlatforms) = preSolution
		Debug|Any CPU = Debug|Any CPU
		Release|Any CPU = Release|Any CPU
	EndGlobalSection
	GlobalSection(ProjectConfigurationPlatforms) = postSolution
		{CB7E9C05-653C-43DD-BD2A-A75E56294866}.Debug|Any CPU.ActiveCfg = Debug|Any CPU
		{CB7E9C05-653C-43DD-BD2A-A75E56294866}.Debug|Any CPU.Build.0 = Debug|Any CPU
		{CB7E9C05-653C-43DD-BD2A-A75E56294866}.Release|Any CPU.ActiveCfg = Release|Any CPU
		{CB7E9C05-653C-43DD-BD2A-A75E56294866}.Release|Any CPU.Build.0 = Release|Any CPU
	EndGlobalSection
	GlobalSection(SolutionProperties) = preSolution
		HideSolutionNode = FALSE
	EndGlobalSection
	GlobalSection(ExtensibilityGlobals) = postSolution
		SolutionGuid = {FB97DB2D-1FB0-4A8E-8B00-F7FEB9CF06EC}
	EndGlobalSection
EndGlobal
